// !$*UTF8*$!
{
	archiveVersion = 1;
	classes = {
	};
	objectVersion = 50;
	objects = {

/* Begin PBXBuildFile section */
		D41625302076ABBB00313E16 /* AppDelegate.swift in Sources */ = {isa = PBXBuildFile; fileRef = D416252F2076ABBB00313E16 /* AppDelegate.swift */; };
		D41625322076ABBB00313E16 /* ViewController.swift in Sources */ = {isa = PBXBuildFile; fileRef = D41625312076ABBB00313E16 /* ViewController.swift */; };
		D41625352076ABBB00313E16 /* Main.storyboard in Resources */ = {isa = PBXBuildFile; fileRef = D41625332076ABBB00313E16 /* Main.storyboard */; };
		D41625372076ABBB00313E16 /* Assets.xcassets in Resources */ = {isa = PBXBuildFile; fileRef = D41625362076ABBB00313E16 /* Assets.xcassets */; };
		D416253A2076ABBB00313E16 /* LaunchScreen.storyboard in Resources */ = {isa = PBXBuildFile; fileRef = D41625382076ABBB00313E16 /* LaunchScreen.storyboard */; };
		D41625452076ABFD00313E16 /* Card.swift in Sources */ = {isa = PBXBuildFile; fileRef = D41625442076ABFD00313E16 /* Card.swift */; };
		D41625472076AC8C00313E16 /* Set.swift in Sources */ = {isa = PBXBuildFile; fileRef = D41625462076AC8C00313E16 /* Set.swift */; };
		D416254E2076CE1A00313E16 /* Int+Random.swift in Sources */ = {isa = PBXBuildFile; fileRef = D416254D2076CE1A00313E16 /* Int+Random.swift */; };
		D41625502076D16800313E16 /* Enumerations.swift in Sources */ = {isa = PBXBuildFile; fileRef = D416254F2076D16800313E16 /* Enumerations.swift */; };
		D42154FB20770EC300A5EF88 /* Array+Shuffled.swift in Sources */ = {isa = PBXBuildFile; fileRef = D42154FA20770EC300A5EF88 /* Array+Shuffled.swift */; };
/* End PBXBuildFile section */

/* Begin PBXFileReference section */
		D416252C2076ABBB00313E16 /* Set-CS193P.app */ = {isa = PBXFileReference; explicitFileType = wrapper.application; includeInIndex = 0; path = "Set-CS193P.app"; sourceTree = BUILT_PRODUCTS_DIR; };
		D416252F2076ABBB00313E16 /* AppDelegate.swift */ = {isa = PBXFileReference; lastKnownFileType = sourcecode.swift; path = AppDelegate.swift; sourceTree = "<group>"; };
		D41625312076ABBB00313E16 /* ViewController.swift */ = {isa = PBXFileReference; lastKnownFileType = sourcecode.swift; path = ViewController.swift; sourceTree = "<group>"; };
		D41625342076ABBB00313E16 /* Base */ = {isa = PBXFileReference; lastKnownFileType = file.storyboard; name = Base; path = Base.lproj/Main.storyboard; sourceTree = "<group>"; };
		D41625362076ABBB00313E16 /* Assets.xcassets */ = {isa = PBXFileReference; lastKnownFileType = folder.assetcatalog; path = Assets.xcassets; sourceTree = "<group>"; };
		D41625392076ABBB00313E16 /* Base */ = {isa = PBXFileReference; lastKnownFileType = file.storyboard; name = Base; path = Base.lproj/LaunchScreen.storyboard; sourceTree = "<group>"; };
		D416253B2076ABBB00313E16 /* Info.plist */ = {isa = PBXFileReference; lastKnownFileType = text.plist.xml; path = Info.plist; sourceTree = "<group>"; };
		D41625442076ABFD00313E16 /* Card.swift */ = {isa = PBXFileReference; lastKnownFileType = sourcecode.swift; path = Card.swift; sourceTree = "<group>"; };
		D41625462076AC8C00313E16 /* Set.swift */ = {isa = PBXFileReference; lastKnownFileType = sourcecode.swift; path = Set.swift; sourceTree = "<group>"; };
		D416254D2076CE1A00313E16 /* Int+Random.swift */ = {isa = PBXFileReference; lastKnownFileType = sourcecode.swift; path = "Int+Random.swift"; sourceTree = "<group>"; };
		D416254F2076D16800313E16 /* Enumerations.swift */ = {isa = PBXFileReference; lastKnownFileType = sourcecode.swift; path = Enumerations.swift; sourceTree = "<group>"; };
		D42154FA20770EC300A5EF88 /* Array+Shuffled.swift */ = {isa = PBXFileReference; lastKnownFileType = sourcecode.swift; path = "Array+Shuffled.swift"; sourceTree = "<group>"; };
/* End PBXFileReference section */

/* Begin PBXFrameworksBuildPhase section */
		D41625292076ABBB00313E16 /* Frameworks */ = {
			isa = PBXFrameworksBuildPhase;
			buildActionMask = 2147483647;
			files = (
			);
			runOnlyForDeploymentPostprocessing = 0;
		};
/* End PBXFrameworksBuildPhase section */

/* Begin PBXGroup section */
		D41625232076ABBA00313E16 = {
			isa = PBXGroup;
			children = (
				D416252E2076ABBB00313E16 /* Set-CS193P */,
				D416252D2076ABBB00313E16 /* Products */,
			);
			sourceTree = "<group>";
		};
		D416252D2076ABBB00313E16 /* Products */ = {
			isa = PBXGroup;
			children = (
				D416252C2076ABBB00313E16 /* Set-CS193P.app */,
			);
			name = Products;
			sourceTree = "<group>";
		};
		D416252E2076ABBB00313E16 /* Set-CS193P */ = {
			isa = PBXGroup;
			children = (
				D416252F2076ABBB00313E16 /* AppDelegate.swift */,
				D41625512076D16F00313E16 /* Customizable */,
				D416254C2076CE0A00313E16 /* Extensions */,
				D41625422076ABD500313E16 /* Models */,
				D41625412076ABCC00313E16 /* Controllers */,
				D41625432076ABE600313E16 /* Views */,
				D41625362076ABBB00313E16 /* Assets.xcassets */,
				D416253B2076ABBB00313E16 /* Info.plist */,
			);
			path = "Set-CS193P";
			sourceTree = "<group>";
		};
		D41625412076ABCC00313E16 /* Controllers */ = {
			isa = PBXGroup;
			children = (
				D41625312076ABBB00313E16 /* ViewController.swift */,
			);
			path = Controllers;
			sourceTree = "<group>";
		};
		D41625422076ABD500313E16 /* Models */ = {
			isa = PBXGroup;
			children = (
				D41625442076ABFD00313E16 /* Card.swift */,
				D41625462076AC8C00313E16 /* Set.swift */,
			);
			path = Models;
			sourceTree = "<group>";
		};
		D41625432076ABE600313E16 /* Views */ = {
			isa = PBXGroup;
			children = (
				D41625332076ABBB00313E16 /* Main.storyboard */,
				D41625382076ABBB00313E16 /* LaunchScreen.storyboard */,
			);
			path = Views;
			sourceTree = "<group>";
		};
		D416254C2076CE0A00313E16 /* Extensions */ = {
			isa = PBXGroup;
			children = (
				D416254D2076CE1A00313E16 /* Int+Random.swift */,
				D42154FA20770EC300A5EF88 /* Array+Shuffled.swift */,
			);
			path = Extensions;
			sourceTree = "<group>";
		};
		D41625512076D16F00313E16 /* Customizable */ = {
			isa = PBXGroup;
			children = (
				D416254F2076D16800313E16 /* Enumerations.swift */,
			);
			path = Customizable;
			sourceTree = "<group>";
		};
/* End PBXGroup section */

/* Begin PBXNativeTarget section */
		D416252B2076ABBB00313E16 /* Set-CS193P */ = {
			isa = PBXNativeTarget;
			buildConfigurationList = D416253E2076ABBB00313E16 /* Build configuration list for PBXNativeTarget "Set-CS193P" */;
			buildPhases = (
				D41625282076ABBB00313E16 /* Sources */,
				D41625292076ABBB00313E16 /* Frameworks */,
				D416252A2076ABBB00313E16 /* Resources */,
			);
			buildRules = (
			);
			dependencies = (
			);
			name = "Set-CS193P";
			productName = "Set-CS193P";
			productReference = D416252C2076ABBB00313E16 /* Set-CS193P.app */;
			productType = "com.apple.product-type.application";
		};
/* End PBXNativeTarget section */

/* Begin PBXProject section */
		D41625242076ABBA00313E16 /* Project object */ = {
			isa = PBXProject;
			attributes = {
				LastSwiftUpdateCheck = 0930;
				LastUpgradeCheck = 0930;
				ORGANIZATIONNAME = "Eduard Levshteyn";
				TargetAttributes = {
					D416252B2076ABBB00313E16 = {
						CreatedOnToolsVersion = 9.3;
					};
				};
			};
			buildConfigurationList = D41625272076ABBA00313E16 /* Build configuration list for PBXProject "Set-CS193P" */;
			compatibilityVersion = "Xcode 9.3";
			developmentRegion = en;
			hasScannedForEncodings = 0;
			knownRegions = (
				en,
				Base,
			);
			mainGroup = D41625232076ABBA00313E16;
			productRefGroup = D416252D2076ABBB00313E16 /* Products */;
			projectDirPath = "";
			projectRoot = "";
			targets = (
				D416252B2076ABBB00313E16 /* Set-CS193P */,
			);
		};
/* End PBXProject section */

/* Begin PBXResourcesBuildPhase section */
		D416252A2076ABBB00313E16 /* Resources */ = {
			isa = PBXResourcesBuildPhase;
			buildActionMask = 2147483647;
			files = (
				D416253A2076ABBB00313E16 /* LaunchScreen.storyboard in Resources */,
				D41625372076ABBB00313E16 /* Assets.xcassets in Resources */,
				D41625352076ABBB00313E16 /* Main.storyboard in Resources */,
			);
			runOnlyForDeploymentPostprocessing = 0;
		};
/* End PBXResourcesBuildPhase section */

/* Begin PBXSourcesBuildPhase section */
		D41625282076ABBB00313E16 /* Sources */ = {
			isa = PBXSourcesBuildPhase;
			buildActionMask = 2147483647;
			files = (
				D41625472076AC8C00313E16 /* Set.swift in Sources */,
				D41625322076ABBB00313E16 /* ViewController.swift in Sources */,
				D416254E2076CE1A00313E16 /* Int+Random.swift in Sources */,
				D41625452076ABFD00313E16 /* Card.swift in Sources */,
				D42154FB20770EC300A5EF88 /* Array+Shuffled.swift in Sources */,
				D41625302076ABBB00313E16 /* AppDelegate.swift in Sources */,
				D41625502076D16800313E16 /* Enumerations.swift in Sources */,
			);
			runOnlyForDeploymentPostprocessing = 0;
		};
/* End PBXSourcesBuildPhase section */

/* Begin PBXVariantGroup section */
		D41625332076ABBB00313E16 /* Main.storyboard */ = {
			isa = PBXVariantGroup;
			children = (
				D41625342076ABBB00313E16 /* Base */,
			);
			name = Main.storyboard;
			sourceTree = "<group>";
		};
		D41625382076ABBB00313E16 /* LaunchScreen.storyboard */ = {
			isa = PBXVariantGroup;
			children = (
				D41625392076ABBB00313E16 /* Base */,
			);
			name = LaunchScreen.storyboard;
			sourceTree = "<group>";
		};
/* End PBXVariantGroup section */

/* Begin XCBuildConfiguration section */
		D416253C2076ABBB00313E16 /* Debug */ = {
			isa = XCBuildConfiguration;
			buildSettings = {
				ALWAYS_SEARCH_USER_PATHS = NO;
				CLANG_ANALYZER_NONNULL = YES;
				CLANG_ANALYZER_NUMBER_OBJECT_CONVERSION = YES_AGGRESSIVE;
				CLANG_CXX_LANGUAGE_STANDARD = "gnu++14";
				CLANG_CXX_LIBRARY = "libc++";
				CLANG_ENABLE_MODULES = YES;
				CLANG_ENABLE_OBJC_ARC = YES;
				CLANG_ENABLE_OBJC_WEAK = YES;
				CLANG_WARN_BLOCK_CAPTURE_AUTORELEASING = YES;
				CLANG_WARN_BOOL_CONVERSION = YES;
				CLANG_WARN_COMMA = YES;
				CLANG_WARN_CONSTANT_CONVERSION = YES;
				CLANG_WARN_DEPRECATED_OBJC_IMPLEMENTATIONS = YES;
				CLANG_WARN_DIRECT_OBJC_ISA_USAGE = YES_ERROR;
				CLANG_WARN_DOCUMENTATION_COMMENTS = YES;
				CLANG_WARN_EMPTY_BODY = YES;
				CLANG_WARN_ENUM_CONVERSION = YES;
				CLANG_WARN_INFINITE_RECURSION = YES;
				CLANG_WARN_INT_CONVERSION = YES;
				CLANG_WARN_NON_LITERAL_NULL_CONVERSION = YES;
				CLANG_WARN_OBJC_IMPLICIT_RETAIN_SELF = YES;
				CLANG_WARN_OBJC_LITERAL_CONVERSION = YES;
				CLANG_WARN_OBJC_ROOT_CLASS = YES_ERROR;
				CLANG_WARN_RANGE_LOOP_ANALYSIS = YES;
				CLANG_WARN_STRICT_PROTOTYPES = YES;
				CLANG_WARN_SUSPICIOUS_MOVE = YES;
				CLANG_WARN_UNGUARDED_AVAILABILITY = YES_AGGRESSIVE;
				CLANG_WARN_UNREACHABLE_CODE = YES;
				CLANG_WARN__DUPLICATE_METHOD_MATCH = YES;
				CODE_SIGN_IDENTITY = "iPhone Developer";
				COPY_PHASE_STRIP = NO;
				DEBUG_INFORMATION_FORMAT = dwarf;
				ENABLE_STRICT_OBJC_MSGSEND = YES;
				ENABLE_TESTABILITY = YES;
				GCC_C_LANGUAGE_STANDARD = gnu11;
				GCC_DYNAMIC_NO_PIC = NO;
				GCC_NO_COMMON_BLOCKS = YES;
				GCC_OPTIMIZATION_LEVEL = 0;
				GCC_PREPROCESSOR_DEFINITIONS = (
					"DEBUG=1",
					"$(inherited)",
				);
				GCC_WARN_64_TO_32_BIT_CONVERSION = YES;
				GCC_WARN_ABOUT_RETURN_TYPE = YES_ERROR;
				GCC_WARN_UNDECLARED_SELECTOR = YES;
				GCC_WARN_UNINITIALIZED_AUTOS = YES_AGGRESSIVE;
				GCC_WARN_UNUSED_FUNCTION = YES;
				GCC_WARN_UNUSED_VARIABLE = YES;
				IPHONEOS_DEPLOYMENT_TARGET = 11.3;
				MTL_ENABLE_DEBUG_INFO = YES;
				ONLY_ACTIVE_ARCH = YES;
				SDKROOT = iphoneos;
				SWIFT_ACTIVE_COMPILATION_CONDITIONS = DEBUG;
				SWIFT_OPTIMIZATION_LEVEL = "-Onone";
			};
			name = Debug;
		};
		D416253D2076ABBB00313E16 /* Release */ = {
			isa = XCBuildConfiguration;
			buildSettings = {
				ALWAYS_SEARCH_USER_PATHS = NO;
				CLANG_ANALYZER_NONNULL = YES;
				CLANG_ANALYZER_NUMBER_OBJECT_CONVERSION = YES_AGGRESSIVE;
				CLANG_CXX_LANGUAGE_STANDARD = "gnu++14";
				CLANG_CXX_LIBRARY = "libc++";
				CLANG_ENABLE_MODULES = YES;
				CLANG_ENABLE_OBJC_ARC = YES;
				CLANG_ENABLE_OBJC_WEAK = YES;
				CLANG_WARN_BLOCK_CAPTURE_AUTORELEASING = YES;
				CLANG_WARN_BOOL_CONVERSION = YES;
				CLANG_WARN_COMMA = YES;
				CLANG_WARN_CONSTANT_CONVERSION = YES;
				CLANG_WARN_DEPRECATED_OBJC_IMPLEMENTATIONS = YES;
				CLANG_WARN_DIRECT_OBJC_ISA_USAGE = YES_ERROR;
				CLANG_WARN_DOCUMENTATION_COMMENTS = YES;
				CLANG_WARN_EMPTY_BODY = YES;
				CLANG_WARN_ENUM_CONVERSION = YES;
				CLANG_WARN_INFINITE_RECURSION = YES;
				CLANG_WARN_INT_CONVERSION = YES;
				CLANG_WARN_NON_LITERAL_NULL_CONVERSION = YES;
				CLANG_WARN_OBJC_IMPLICIT_RETAIN_SELF = YES;
				CLANG_WARN_OBJC_LITERAL_CONVERSION = YES;
				CLANG_WARN_OBJC_ROOT_CLASS = YES_ERROR;
				CLANG_WARN_RANGE_LOOP_ANALYSIS = YES;
				CLANG_WARN_STRICT_PROTOTYPES = YES;
				CLANG_WARN_SUSPICIOUS_MOVE = YES;
				CLANG_WARN_UNGUARDED_AVAILABILITY = YES_AGGRESSIVE;
				CLANG_WARN_UNREACHABLE_CODE = YES;
				CLANG_WARN__DUPLICATE_METHOD_MATCH = YES;
				CODE_SIGN_IDENTITY = "iPhone Developer";
				COPY_PHASE_STRIP = NO;
				DEBUG_INFORMATION_FORMAT = "dwarf-with-dsym";
				ENABLE_NS_ASSERTIONS = NO;
				ENABLE_STRICT_OBJC_MSGSEND = YES;
				GCC_C_LANGUAGE_STANDARD = gnu11;
				GCC_NO_COMMON_BLOCKS = YES;
				GCC_WARN_64_TO_32_BIT_CONVERSION = YES;
				GCC_WARN_ABOUT_RETURN_TYPE = YES_ERROR;
				GCC_WARN_UNDECLARED_SELECTOR = YES;
				GCC_WARN_UNINITIALIZED_AUTOS = YES_AGGRESSIVE;
				GCC_WARN_UNUSED_FUNCTION = YES;
				GCC_WARN_UNUSED_VARIABLE = YES;
				IPHONEOS_DEPLOYMENT_TARGET = 11.3;
				MTL_ENABLE_DEBUG_INFO = NO;
				SDKROOT = iphoneos;
				SWIFT_COMPILATION_MODE = wholemodule;
				SWIFT_OPTIMIZATION_LEVEL = "-O";
				VALIDATE_PRODUCT = YES;
			};
			name = Release;
		};
		D416253F2076ABBB00313E16 /* Debug */ = {
			isa = XCBuildConfiguration;
			buildSettings = {
				ASSETCATALOG_COMPILER_APPICON_NAME = AppIcon;
				CODE_SIGN_STYLE = Automatic;
				DEVELOPMENT_TEAM = 3987LS8PQB;
				INFOPLIST_FILE = "Set-CS193P/Info.plist";
				LD_RUNPATH_SEARCH_PATHS = (
					"$(inherited)",
					"@executable_path/Frameworks",
				);
				PRODUCT_BUNDLE_IDENTIFIER = "com.eduardlevshteyn.Set-CS193P";
				PRODUCT_NAME = "$(TARGET_NAME)";
				SWIFT_VERSION = 4.0;
				TARGETED_DEVICE_FAMILY = "1,2";
			};
			name = Debug;
		};
		D41625402076ABBB00313E16 /* Release */ = {
			isa = XCBuildConfiguration;
			buildSettings = {
				ASSETCATALOG_COMPILER_APPICON_NAME = AppIcon;
				CODE_SIGN_STYLE = Automatic;
				DEVELOPMENT_TEAM = 3987LS8PQB;
				INFOPLIST_FILE = "Set-CS193P/Info.plist";
				LD_RUNPATH_SEARCH_PATHS = (
					"$(inherited)",
					"@executable_path/Frameworks",
				);
				PRODUCT_BUNDLE_IDENTIFIER = "com.eduardlevshteyn.Set-CS193P";
				PRODUCT_NAME = "$(TARGET_NAME)";
				SWIFT_VERSION = 4.0;
				TARGETED_DEVICE_FAMILY = "1,2";
			};
			name = Release;
		};
/* End XCBuildConfiguration section */

/* Begin XCConfigurationList section */
		D41625272076ABBA00313E16 /* Build configuration list for PBXProject "Set-CS193P" */ = {
			isa = XCConfigurationList;
			buildConfigurations = (
				D416253C2076ABBB00313E16 /* Debug */,
				D416253D2076ABBB00313E16 /* Release */,
			);
			defaultConfigurationIsVisible = 0;
			defaultConfigurationName = Release;
		};
		D416253E2076ABBB00313E16 /* Build configuration list for PBXNativeTarget "Set-CS193P" */ = {
			isa = XCConfigurationList;
			buildConfigurations = (
				D416253F2076ABBB00313E16 /* Debug */,
				D41625402076ABBB00313E16 /* Release */,
			);
			defaultConfigurationIsVisible = 0;
			defaultConfigurationName = Release;
		};
/* End XCConfigurationList section */
	};
	rootObject = D41625242076ABBA00313E16 /* Project object */;
}
